<?xml version="1.0" encoding="utf-8"?>
<Project ToolsVersion="4.0" xmlns="http://schemas.microsoft.com/developer/msbuild/2003">
  <ItemGroup>
    <ClInclude Include="add_weighted.cuh">
      <Filter>CUDA Source</Filter>
    </ClInclude>
    <ClInclude Include="blur.cuh">
      <Filter>CUDA Source</Filter>
    </ClInclude>
    <ClInclude Include="add_weighted.hpp">
      <Filter>Orig Source</Filter>
    </ClInclude>
    <ClInclude Include="blur.hpp">
      <Filter>Orig Source</Filter>
    </ClInclude>
    <ClInclude Include="ppm.hpp">
      <Filter>Orig Source</Filter>
    </ClInclude>
    <ClInclude Include="unsharp_mask.hpp">
      <Filter>Orig Source</Filter>
    </ClInclude>
  </ItemGroup>
  <ItemGroup>
    <Filter Include="CUDA Source">
      <UniqueIdentifier>{dc89e080-72fd-45d3-bbbc-ce51269d1c10}</UniqueIdentifier>
    </Filter>
    <Filter Include="Orig Source">
      <UniqueIdentifier>{84c7c532-a3fb-4447-afda-74419ddf3011}</UniqueIdentifier>
    </Filter>
  </ItemGroup>
  <ItemGroup>
    <CudaCompile Include="unsharp_mask.cu">
      <Filter>CUDA Source</Filter>
    </CudaCompile>
  </ItemGroup>
  <ItemGroup>
    <ClCompile Include="unsharp_mask.cpp">
      <Filter>Orig Source</Filter>
    </ClCompile>
  </ItemGroup>
</Project>